
Microsoft Visual Studio Solution File, Format Version 12.00
# Visual Studio Version 16
VisualStudioVersion = 16.0.30011.22
MinimumVisualStudioVersion = 10.0.40219.1
Project("{FAE04EC0-301F-11D3-BF4B-00C04F79EFBC}") = "Electron", "Electron\Electron.csproj", "{8276FEBE-0DB3-4A37-9883-84997B1B938D}"
EndProject
Global
	GlobalSection(SolutionConfigurationPlatforms) = preSolution
		Debug|Any CPU = Debug|Any CPU
		Release|Any CPU = Release|Any CPU
	EndGlobalSection
	GlobalSection(ProjectConfigurationPlatforms) = postSolution
		{8276FEBE-0DB3-4A37-9883-84997B1B938D}.Debug|Any CPU.ActiveCfg = Debug|Any CPU
		{8276FEBE-0DB3-4A37-9883-84997B1B938D}.Debug|Any CPU.Build.0 = Debug|Any CPU
		{8276FEBE-0DB3-4A37-9883-84997B1B938D}.Release|Any CPU.ActiveCfg = Release|Any CPU
		{8276FEBE-0DB3-4A37-9883-84997B1B938D}.Release|Any CPU.Build.0 = Release|Any CPU
	EndGlobalSection
	GlobalSection(SolutionProperties) = preSolution
		HideSolutionNode = FALSE
	EndGlobalSection
	GlobalSection(ExtensibilityGlobals) = postSolution
		SolutionGuid = {5EF58EAC-E516-4878-83D1-87C54B80F006}
	EndGlobalSection
EndGlobal
